// !$*UTF8*$!
{
	archiveVersion = 1;
	classes = {
	};
	objectVersion = 46;
	objects = {

/* Begin PBXBuildFile section */
		180325141A37C33B007C4411 /* AppDelegate.swift in Sources */ = {isa = PBXBuildFile; fileRef = 180325131A37C33B007C4411 /* AppDelegate.swift */; };
		180325161A37C33B007C4411 /* ViewController.swift in Sources */ = {isa = PBXBuildFile; fileRef = 180325151A37C33B007C4411 /* ViewController.swift */; };
		180325191A37C33B007C4411 /* Main.storyboard in Resources */ = {isa = PBXBuildFile; fileRef = 180325171A37C33B007C4411 /* Main.storyboard */; };
		1803251B1A37C33B007C4411 /* Images.xcassets in Resources */ = {isa = PBXBuildFile; fileRef = 1803251A1A37C33B007C4411 /* Images.xcassets */; };
		1803251E1A37C33B007C4411 /* LaunchScreen.xib in Resources */ = {isa = PBXBuildFile; fileRef = 1803251C1A37C33B007C4411 /* LaunchScreen.xib */; };
		1803252A1A37C33B007C4411 /* TabAppTests.swift in Sources */ = {isa = PBXBuildFile; fileRef = 180325291A37C33B007C4411 /* TabAppTests.swift */; };
/* End PBXBuildFile section */

/* Begin PBXContainerItemProxy section */
		180325241A37C33B007C4411 /* PBXContainerItemProxy */ = {
			isa = PBXContainerItemProxy;
			containerPortal = 180325061A37C33B007C4411 /* Project object */;
			proxyType = 1;
			remoteGlobalIDString = 1803250D1A37C33B007C4411;
			remoteInfo = TabApp;
		};
/* End PBXContainerItemProxy section */

/* Begin PBXFileReference section */
		1803250E1A37C33B007C4411 /* TabApp.app */ = {isa = PBXFileReference; explicitFileType = wrapper.application; includeInIndex = 0; path = TabApp.app; sourceTree = BUILT_PRODUCTS_DIR; };
		180325121A37C33B007C4411 /* Info.plist */ = {isa = PBXFileReference; lastKnownFileType = text.plist.xml; path = Info.plist; sourceTree = "<group>"; };
		180325131A37C33B007C4411 /* AppDelegate.swift */ = {isa = PBXFileReference; lastKnownFileType = sourcecode.swift; path = AppDelegate.swift; sourceTree = "<group>"; };
		180325151A37C33B007C4411 /* ViewController.swift */ = {isa = PBXFileReference; lastKnownFileType = sourcecode.swift; path = ViewController.swift; sourceTree = "<group>"; };
		180325181A37C33B007C4411 /* Base */ = {isa = PBXFileReference; lastKnownFileType = file.storyboard; name = Base; path = Base.lproj/Main.storyboard; sourceTree = "<group>"; };
		1803251A1A37C33B007C4411 /* Images.xcassets */ = {isa = PBXFileReference; lastKnownFileType = folder.assetcatalog; path = Images.xcassets; sourceTree = "<group>"; };
		1803251D1A37C33B007C4411 /* Base */ = {isa = PBXFileReference; lastKnownFileType = file.xib; name = Base; path = Base.lproj/LaunchScreen.xib; sourceTree = "<group>"; };
		180325231A37C33B007C4411 /* TabAppTests.xctest */ = {isa = PBXFileReference; explicitFileType = wrapper.cfbundle; includeInIndex = 0; path = TabAppTests.xctest; sourceTree = BUILT_PRODUCTS_DIR; };
		180325281A37C33B007C4411 /* Info.plist */ = {isa = PBXFileReference; lastKnownFileType = text.plist.xml; path = Info.plist; sourceTree = "<group>"; };
		180325291A37C33B007C4411 /* TabAppTests.swift */ = {isa = PBXFileReference; lastKnownFileType = sourcecode.swift; path = TabAppTests.swift; sourceTree = "<group>"; };
/* End PBXFileReference section */

/* Begin PBXFrameworksBuildPhase section */
		1803250B1A37C33B007C4411 /* Frameworks */ = {
			isa = PBXFrameworksBuildPhase;
			buildActionMask = 2147483647;
			files = (
			);
			runOnlyForDeploymentPostprocessing = 0;
		};
		180325201A37C33B007C4411 /* Frameworks */ = {
			isa = PBXFrameworksBuildPhase;
			buildActionMask = 2147483647;
			files = (
			);
			runOnlyForDeploymentPostprocessing = 0;
		};
/* End PBXFrameworksBuildPhase section */

/* Begin PBXGroup section */
		180325051A37C33B007C4411 = {
			isa = PBXGroup;
			children = (
				180325101A37C33B007C4411 /* TabApp */,
				180325261A37C33B007C4411 /* TabAppTests */,
				1803250F1A37C33B007C4411 /* Products */,
			);
			sourceTree = "<group>";
		};
		1803250F1A37C33B007C4411 /* Products */ = {
			isa = PBXGroup;
			children = (
				1803250E1A37C33B007C4411 /* TabApp.app */,
				180325231A37C33B007C4411 /* TabAppTests.xctest */,
			);
			name = Products;
			sourceTree = "<group>";
		};
		180325101A37C33B007C4411 /* TabApp */ = {
			isa = PBXGroup;
			children = (
				180325131A37C33B007C4411 /* AppDelegate.swift */,
				180325151A37C33B007C4411 /* ViewController.swift */,
				180325171A37C33B007C4411 /* Main.storyboard */,
				1803251A1A37C33B007C4411 /* Images.xcassets */,
				1803251C1A37C33B007C4411 /* LaunchScreen.xib */,
				180325111A37C33B007C4411 /* Supporting Files */,
			);
			path = TabApp;
			sourceTree = "<group>";
		};
		180325111A37C33B007C4411 /* Supporting Files */ = {
			isa = PBXGroup;
			children = (
				180325121A37C33B007C4411 /* Info.plist */,
			);
			name = "Supporting Files";
			sourceTree = "<group>";
		};
		180325261A37C33B007C4411 /* TabAppTests */ = {
			isa = PBXGroup;
			children = (
				180325291A37C33B007C4411 /* TabAppTests.swift */,
				180325271A37C33B007C4411 /* Supporting Files */,
			);
			path = TabAppTests;
			sourceTree = "<group>";
		};
		180325271A37C33B007C4411 /* Supporting Files */ = {
			isa = PBXGroup;
			children = (
				180325281A37C33B007C4411 /* Info.plist */,
			);
			name = "Supporting Files";
			sourceTree = "<group>";
		};
/* End PBXGroup section */

/* Begin PBXNativeTarget section */
		1803250D1A37C33B007C4411 /* TabApp */ = {
			isa = PBXNativeTarget;
			buildConfigurationList = 1803252D1A37C33B007C4411 /* Build configuration list for PBXNativeTarget "TabApp" */;
			buildPhases = (
				1803250A1A37C33B007C4411 /* Sources */,
				1803250B1A37C33B007C4411 /* Frameworks */,
				1803250C1A37C33B007C4411 /* Resources */,
			);
			buildRules = (
			);
			dependencies = (
			);
			name = TabApp;
			productName = TabApp;
			productReference = 1803250E1A37C33B007C4411 /* TabApp.app */;
			productType = "com.apple.product-type.application";
		};
		180325221A37C33B007C4411 /* TabAppTests */ = {
			isa = PBXNativeTarget;
			buildConfigurationList = 180325301A37C33B007C4411 /* Build configuration list for PBXNativeTarget "TabAppTests" */;
			buildPhases = (
				1803251F1A37C33B007C4411 /* Sources */,
				180325201A37C33B007C4411 /* Frameworks */,
				180325211A37C33B007C4411 /* Resources */,
			);
			buildRules = (
			);
			dependencies = (
				180325251A37C33B007C4411 /* PBXTargetDependency */,
			);
			name = TabAppTests;
			productName = TabAppTests;
			productReference = 180325231A37C33B007C4411 /* TabAppTests.xctest */;
			productType = "com.apple.product-type.bundle.unit-test";
		};
/* End PBXNativeTarget section */

/* Begin PBXProject section */
		180325061A37C33B007C4411 /* Project object */ = {
			isa = PBXProject;
			attributes = {
				LastUpgradeCheck = 0610;
				ORGANIZATIONNAME = apple;
				TargetAttributes = {
					1803250D1A37C33B007C4411 = {
						CreatedOnToolsVersion = 6.1.1;
					};
					180325221A37C33B007C4411 = {
						CreatedOnToolsVersion = 6.1.1;
						TestTargetID = 1803250D1A37C33B007C4411;
					};
				};
			};
			buildConfigurationList = 180325091A37C33B007C4411 /* Build configuration list for PBXProject "TabApp" */;
			compatibilityVersion = "Xcode 3.2";
			developmentRegion = English;
			hasScannedForEncodings = 0;
			knownRegions = (
				en,
				Base,
			);
			mainGroup = 180325051A37C33B007C4411;
			productRefGroup = 1803250F1A37C33B007C4411 /* Products */;
			projectDirPath = "";
			projectRoot = "";
			targets = (
				1803250D1A37C33B007C4411 /* TabApp */,
				180325221A37C33B007C4411 /* TabAppTests */,
			);
		};
/* End PBXProject section */

/* Begin PBXResourcesBuildPhase section */
		1803250C1A37C33B007C4411 /* Resources */ = {
			isa = PBXResourcesBuildPhase;
			buildActionMask = 2147483647;
			files = (
				180325191A37C33B007C4411 /* Main.storyboard in Resources */,
				1803251E1A37C33B007C4411 /* LaunchScreen.xib in Resources */,
				1803251B1A37C33B007C4411 /* Images.xcassets in Resources */,
			);
			runOnlyForDeploymentPostprocessing = 0;
		};
		180325211A37C33B007C4411 /* Resources */ = {
			isa = PBXResourcesBuildPhase;
			buildActionMask = 2147483647;
			files = (
			);
			runOnlyForDeploymentPostprocessing = 0;
		};
/* End PBXResourcesBuildPhase section */

/* Begin PBXSourcesBuildPhase section */
		1803250A1A37C33B007C4411 /* Sources */ = {
			isa = PBXSourcesBuildPhase;
			buildActionMask = 2147483647;
			files = (
				180325161A37C33B007C4411 /* ViewController.swift in Sources */,
				180325141A37C33B007C4411 /* AppDelegate.swift in Sources */,
			);
			runOnlyForDeploymentPostprocessing = 0;
		};
		1803251F1A37C33B007C4411 /* Sources */ = {
			isa = PBXSourcesBuildPhase;
			buildActionMask = 2147483647;
			files = (
				1803252A1A37C33B007C4411 /* TabAppTests.swift in Sources */,
			);
			runOnlyForDeploymentPostprocessing = 0;
		};
/* End PBXSourcesBuildPhase section */

/* Begin PBXTargetDependency section */
		180325251A37C33B007C4411 /* PBXTargetDependency */ = {
			isa = PBXTargetDependency;
			target = 1803250D1A37C33B007C4411 /* TabApp */;
			targetProxy = 180325241A37C33B007C4411 /* PBXContainerItemProxy */;
		};
/* End PBXTargetDependency section */

/* Begin PBXVariantGroup section */
		180325171A37C33B007C4411 /* Main.storyboard */ = {
			isa = PBXVariantGroup;
			children = (
				180325181A37C33B007C4411 /* Base */,
			);
			name = Main.storyboard;
			sourceTree = "<group>";
		};
		1803251C1A37C33B007C4411 /* LaunchScreen.xib */ = {
			isa = PBXVariantGroup;
			children = (
				1803251D1A37C33B007C4411 /* Base */,
			);
			name = LaunchScreen.xib;
			sourceTree = "<group>";
		};
/* End PBXVariantGroup section */

/* Begin XCBuildConfiguration section */
		1803252B1A37C33B007C4411 /* Debug */ = {
			isa = XCBuildConfiguration;
			buildSettings = {
				ALWAYS_SEARCH_USER_PATHS = NO;
				CLANG_CXX_LANGUAGE_STANDARD = "gnu++0x";
				CLANG_CXX_LIBRARY = "libc++";
				CLANG_ENABLE_MODULES = YES;
				CLANG_ENABLE_OBJC_ARC = YES;
				CLANG_WARN_BOOL_CONVERSION = YES;
				CLANG_WARN_CONSTANT_CONVERSION = YES;
				CLANG_WARN_DIRECT_OBJC_ISA_USAGE = YES_ERROR;
				CLANG_WARN_EMPTY_BODY = YES;
				CLANG_WARN_ENUM_CONVERSION = YES;
				CLANG_WARN_INT_CONVERSION = YES;
				CLANG_WARN_OBJC_ROOT_CLASS = YES_ERROR;
				CLANG_WARN_UNREACHABLE_CODE = YES;
				CLANG_WARN__DUPLICATE_METHOD_MATCH = YES;
				"CODE_SIGN_IDENTITY[sdk=iphoneos*]" = "iPhone Developer";
				COPY_PHASE_STRIP = NO;
				ENABLE_STRICT_OBJC_MSGSEND = YES;
				GCC_C_LANGUAGE_STANDARD = gnu99;
				GCC_DYNAMIC_NO_PIC = NO;
				GCC_OPTIMIZATION_LEVEL = 0;
				GCC_PREPROCESSOR_DEFINITIONS = (
					"DEBUG=1",
					"$(inherited)",
				);
				GCC_SYMBOLS_PRIVATE_EXTERN = NO;
				GCC_WARN_64_TO_32_BIT_CONVERSION = YES;
				GCC_WARN_ABOUT_RETURN_TYPE = YES_ERROR;
				GCC_WARN_UNDECLARED_SELECTOR = YES;
				GCC_WARN_UNINITIALIZED_AUTOS = YES_AGGRESSIVE;
				GCC_WARN_UNUSED_FUNCTION = YES;
				GCC_WARN_UNUSED_VARIABLE = YES;
				IPHONEOS_DEPLOYMENT_TARGET = 8.1;
				MTL_ENABLE_DEBUG_INFO = YES;
				ONLY_ACTIVE_ARCH = YES;
				SDKROOT = iphoneos;
				SWIFT_OPTIMIZATION_LEVEL = "-Onone";
				TARGETED_DEVICE_FAMILY = "1,2";
			};
			name = Debug;
		};
		1803252C1A37C33B007C4411 /* Release */ = {
			isa = XCBuildConfiguration;
			buildSettings = {
				ALWAYS_SEARCH_USER_PATHS = NO;
				CLANG_CXX_LANGUAGE_STANDARD = "gnu++0x";
				CLANG_CXX_LIBRARY = "libc++";
				CLANG_ENABLE_MODULES = YES;
				CLANG_ENABLE_OBJC_ARC = YES;
				CLANG_WARN_BOOL_CONVERSION = YES;
				CLANG_WARN_CONSTANT_CONVERSION = YES;
				CLANG_WARN_DIRECT_OBJC_ISA_USAGE = YES_ERROR;
				CLANG_WARN_EMPTY_BODY = YES;
				CLANG_WARN_ENUM_CONVERSION = YES;
				CLANG_WARN_INT_CONVERSION = YES;
				CLANG_WARN_OBJC_ROOT_CLASS = YES_ERROR;
				CLANG_WARN_UNREACHABLE_CODE = YES;
				CLANG_WARN__DUPLICATE_METHOD_MATCH = YES;
				"CODE_SIGN_IDENTITY[sdk=iphoneos*]" = "iPhone Developer";
				COPY_PHASE_STRIP = YES;
				ENABLE_NS_ASSERTIONS = NO;
				ENABLE_STRICT_OBJC_MSGSEND = YES;
				GCC_C_LANGUAGE_STANDARD = gnu99;
				GCC_WARN_64_TO_32_BIT_CONVERSION = YES;
				GCC_WARN_ABOUT_RETURN_TYPE = YES_ERROR;
				GCC_WARN_UNDECLARED_SELECTOR = YES;
				GCC_WARN_UNINITIALIZED_AUTOS = YES_AGGRESSIVE;
				GCC_WARN_UNUSED_FUNCTION = YES;
				GCC_WARN_UNUSED_VARIABLE = YES;
				IPHONEOS_DEPLOYMENT_TARGET = 8.1;
				MTL_ENABLE_DEBUG_INFO = NO;
				SDKROOT = iphoneos;
				TARGETED_DEVICE_FAMILY = "1,2";
				VALIDATE_PRODUCT = YES;
			};
			name = Release;
		};
		1803252E1A37C33B007C4411 /* Debug */ = {
			isa = XCBuildConfiguration;
			buildSettings = {
				ASSETCATALOG_COMPILER_APPICON_NAME = AppIcon;
				INFOPLIST_FILE = TabApp/Info.plist;
				LD_RUNPATH_SEARCH_PATHS = "$(inherited) @executable_path/Frameworks";
				PRODUCT_NAME = "$(TARGET_NAME)";
			};
			name = Debug;
		};
		1803252F1A37C33B007C4411 /* Release */ = {
			isa = XCBuildConfiguration;
			buildSettings = {
				ASSETCATALOG_COMPILER_APPICON_NAME = AppIcon;
				INFOPLIST_FILE = TabApp/Info.plist;
				LD_RUNPATH_SEARCH_PATHS = "$(inherited) @executable_path/Frameworks";
				PRODUCT_NAME = "$(TARGET_NAME)";
			};
			name = Release;
		};
		180325311A37C33B007C4411 /* Debug */ = {
			isa = XCBuildConfiguration;
			buildSettings = {
				BUNDLE_LOADER = "$(TEST_HOST)";
				FRAMEWORK_SEARCH_PATHS = (
					"$(SDKROOT)/Developer/Library/Frameworks",
					"$(inherited)",
				);
				GCC_PREPROCESSOR_DEFINITIONS = (
					"DEBUG=1",
					"$(inherited)",
				);
				INFOPLIST_FILE = TabAppTests/Info.plist;
				LD_RUNPATH_SEARCH_PATHS = "$(inherited) @executable_path/Frameworks @loader_path/Frameworks";
				PRODUCT_NAME = "$(TARGET_NAME)";
				TEST_HOST = "$(BUILT_PRODUCTS_DIR)/TabApp.app/TabApp";
			};
			name = Debug;
		};
		180325321A37C33B007C4411 /* Release */ = {
			isa = XCBuildConfiguration;
			buildSettings = {
				BUNDLE_LOADER = "$(TEST_HOST)";
				FRAMEWORK_SEARCH_PATHS = (
					"$(SDKROOT)/Developer/Library/Frameworks",
					"$(inherited)",
				);
				INFOPLIST_FILE = TabAppTests/Info.plist;
				LD_RUNPATH_SEARCH_PATHS = "$(inherited) @executable_path/Frameworks @loader_path/Frameworks";
				PRODUCT_NAME = "$(TARGET_NAME)";
				TEST_HOST = "$(BUILT_PRODUCTS_DIR)/TabApp.app/TabApp";
			};
			name = Release;
		};
/* End XCBuildConfiguration section */

/* Begin XCConfigurationList section */
		180325091A37C33B007C4411 /* Build configuration list for PBXProject "TabApp" */ = {
			isa = XCConfigurationList;
			buildConfigurations = (
				1803252B1A37C33B007C4411 /* Debug */,
				1803252C1A37C33B007C4411 /* Release */,
			);
			defaultConfigurationIsVisible = 0;
			defaultConfigurationName = Release;
		};
		1803252D1A37C33B007C4411 /* Build configuration list for PBXNativeTarget "TabApp" */ = {
			isa = XCConfigurationList;
			buildConfigurations = (
				1803252E1A37C33B007C4411 /* Debug */,
				1803252F1A37C33B007C4411 /* Release */,
			);
			defaultConfigurationIsVisible = 0;
		};
		180325301A37C33B007C4411 /* Build configuration list for PBXNativeTarget "TabAppTests" */ = {
			isa = XCConfigurationList;
			buildConfigurations = (
				180325311A37C33B007C4411 /* Debug */,
				180325321A37C33B007C4411 /* Release */,
			);
			defaultConfigurationIsVisible = 0;
		};
/* End XCConfigurationList section */
	};
	rootObject = 180325061A37C33B007C4411 /* Project object */;
}
